// !$*UTF8*$!
{
	archiveVersion = 1;
	classes = {
	};
	objectVersion = 77;
	objects = {

/* Begin PBXBuildFile section */
		168DA0F92CE5DD4A00B56DC3 /* GlobalPositionModifier.swift in Sources */ = {isa = PBXBuildFile; fileRef = 168DA0F82CE5DD3E00B56DC3 /* GlobalPositionModifier.swift */; };
		168DA0FB2CE5E48F00B56DC3 /* Utils.swift in Sources */ = {isa = PBXBuildFile; fileRef = 168DA0FA2CE5E48A00B56DC3 /* Utils.swift */; };
		168DA1252CE70EF800B56DC3 /* UIViewControllerExtension.swift in Sources */ = {isa = PBXBuildFile; fileRef = 168DA1242CE70EEA00B56DC3 /* UIViewControllerExtension.swift */; };
		1695AD862CB8F74E00D9B6F9 /* RememberScheduleModel.swift in Sources */ = {isa = PBXBuildFile; fileRef = 1695AD742CB8F74E00D9B6F9 /* RememberScheduleModel.swift */; };
		1695AD872CB8F74E00D9B6F9 /* RememberThisAddView.swift in Sources */ = {isa = PBXBuildFile; fileRef = 1695AD7A2CB8F74E00D9B6F9 /* RememberThisAddView.swift */; };
		1695AD882CB8F74E00D9B6F9 /* RememberThisListView.swift in Sources */ = {isa = PBXBuildFile; fileRef = 1695AD7B2CB8F74E00D9B6F9 /* RememberThisListView.swift */; };
		1695AD892CB8F74E00D9B6F9 /* RememberThisSplashView.swift in Sources */ = {isa = PBXBuildFile; fileRef = 1695AD7C2CB8F74E00D9B6F9 /* RememberThisSplashView.swift */; };
		1695AD8A2CB8F74E00D9B6F9 /* RememberThisAddViewModel.swift in Sources */ = {isa = PBXBuildFile; fileRef = 1695AD7E2CB8F74E00D9B6F9 /* RememberThisAddViewModel.swift */; };
		1695AD8B2CB8F74E00D9B6F9 /* RememberThisListViewModel.swift in Sources */ = {isa = PBXBuildFile; fileRef = 1695AD7F2CB8F74E00D9B6F9 /* RememberThisListViewModel.swift */; };
		1695AD8C2CB8F74E00D9B6F9 /* RememberThisSplashViewModel.swift in Sources */ = {isa = PBXBuildFile; fileRef = 1695AD802CB8F74E00D9B6F9 /* RememberThisSplashViewModel.swift */; };
		1695AD8D2CB8F74E00D9B6F9 /* RememberThisApp.swift in Sources */ = {isa = PBXBuildFile; fileRef = 1695AD842CB8F74E00D9B6F9 /* RememberThisApp.swift */; };
		1695AD8E2CB8F74E00D9B6F9 /* Preview Assets.xcassets in Resources */ = {isa = PBXBuildFile; fileRef = 1695AD762CB8F74E00D9B6F9 /* Preview Assets.xcassets */; };
		1695AD8F2CB8F74E00D9B6F9 /* Assets.xcassets in Resources */ = {isa = PBXBuildFile; fileRef = 1695AD782CB8F74E00D9B6F9 /* Assets.xcassets */; };
		1695AD932CB8F8A800D9B6F9 /* RememberThisSwiftDataConfiguration.swift in Sources */ = {isa = PBXBuildFile; fileRef = 1695AD922CB8F89C00D9B6F9 /* RememberThisSwiftDataConfiguration.swift */; };
		1695AD962CB8FEDA00D9B6F9 /* ColorExtension.swift in Sources */ = {isa = PBXBuildFile; fileRef = 1695AD952CB8FEC600D9B6F9 /* ColorExtension.swift */; };
		1695ADB22CBCF39900D9B6F9 /* RememberScheduleDetailModel.swift in Sources */ = {isa = PBXBuildFile; fileRef = 1695ADB12CBCF39800D9B6F9 /* RememberScheduleDetailModel.swift */; };
		1695ADB42CBCF72B00D9B6F9 /* DateExtension.swift in Sources */ = {isa = PBXBuildFile; fileRef = 1695ADB32CBCF72400D9B6F9 /* DateExtension.swift */; };
		169751862CF5492A00A12C28 /* RememberUserModel.swift in Sources */ = {isa = PBXBuildFile; fileRef = 169751852CF5492400A12C28 /* RememberUserModel.swift */; };
		16E389E52CBE34F5003C0DD5 /* RememberThisAlertView.swift in Sources */ = {isa = PBXBuildFile; fileRef = 16E389E42CBE34EE003C0DD5 /* RememberThisAlertView.swift */; };
		B004F2A42CBA5D8500713CE4 /* ACarousel in Frameworks */ = {isa = PBXBuildFile; productRef = 1695AD9B2CB9064800D9B6F9 /* ACarousel */; };
		B004F2F42CBA7EA700713CE4 /* FontExtensions.swift in Sources */ = {isa = PBXBuildFile; fileRef = B004F2F32CBA7EA700713CE4 /* FontExtensions.swift */; };
		B004F2F62CBA7EB400713CE4 /* ViewExtensions.swift in Sources */ = {isa = PBXBuildFile; fileRef = B004F2F52CBA7EB400713CE4 /* ViewExtensions.swift */; };
		B004F2F82CBA7EBC00713CE4 /* CGFloatExtension.swift in Sources */ = {isa = PBXBuildFile; fileRef = B004F2F72CBA7EBC00713CE4 /* CGFloatExtension.swift */; };
		B004F3112CBA7FCF00713CE4 /* RememberThisMaskView.swift in Sources */ = {isa = PBXBuildFile; fileRef = B004F3102CBA7FC700713CE4 /* RememberThisMaskView.swift */; };
		B004F3752CBB7E6200713CE4 /* RepeatTextsKorean.swift in Sources */ = {isa = PBXBuildFile; fileRef = B004F3742CBB7E6200713CE4 /* RepeatTextsKorean.swift */; };
		B035F2662CB98DEF008091CC /* ACarousel in Frameworks */ = {isa = PBXBuildFile; productRef = B035F2652CB98DEF008091CC /* ACarousel */; };
/* End PBXBuildFile section */

/* Begin PBXFileReference section */
		168DA0F82CE5DD3E00B56DC3 /* GlobalPositionModifier.swift */ = {isa = PBXFileReference; lastKnownFileType = sourcecode.swift; path = GlobalPositionModifier.swift; sourceTree = "<group>"; };
		168DA0FA2CE5E48A00B56DC3 /* Utils.swift */ = {isa = PBXFileReference; lastKnownFileType = sourcecode.swift; path = Utils.swift; sourceTree = "<group>"; };
		168DA1242CE70EEA00B56DC3 /* UIViewControllerExtension.swift */ = {isa = PBXFileReference; lastKnownFileType = sourcecode.swift; path = UIViewControllerExtension.swift; sourceTree = "<group>"; };
		1692EB282CB7502E0050394C /* RememberThis.app */ = {isa = PBXFileReference; explicitFileType = wrapper.application; includeInIndex = 0; path = RememberThis.app; sourceTree = BUILT_PRODUCTS_DIR; };
		1695AD742CB8F74E00D9B6F9 /* RememberScheduleModel.swift */ = {isa = PBXFileReference; lastKnownFileType = sourcecode.swift; path = RememberScheduleModel.swift; sourceTree = "<group>"; };
		1695AD762CB8F74E00D9B6F9 /* Preview Assets.xcassets */ = {isa = PBXFileReference; lastKnownFileType = folder.assetcatalog; path = "Preview Assets.xcassets"; sourceTree = "<group>"; };
		1695AD782CB8F74E00D9B6F9 /* Assets.xcassets */ = {isa = PBXFileReference; lastKnownFileType = folder.assetcatalog; path = Assets.xcassets; sourceTree = "<group>"; };
		1695AD7A2CB8F74E00D9B6F9 /* RememberThisAddView.swift */ = {isa = PBXFileReference; lastKnownFileType = sourcecode.swift; path = RememberThisAddView.swift; sourceTree = "<group>"; };
		1695AD7B2CB8F74E00D9B6F9 /* RememberThisListView.swift */ = {isa = PBXFileReference; lastKnownFileType = sourcecode.swift; path = RememberThisListView.swift; sourceTree = "<group>"; };
		1695AD7C2CB8F74E00D9B6F9 /* RememberThisSplashView.swift */ = {isa = PBXFileReference; lastKnownFileType = sourcecode.swift; path = RememberThisSplashView.swift; sourceTree = "<group>"; };
		1695AD7E2CB8F74E00D9B6F9 /* RememberThisAddViewModel.swift */ = {isa = PBXFileReference; lastKnownFileType = sourcecode.swift; path = RememberThisAddViewModel.swift; sourceTree = "<group>"; };
		1695AD7F2CB8F74E00D9B6F9 /* RememberThisListViewModel.swift */ = {isa = PBXFileReference; lastKnownFileType = sourcecode.swift; path = RememberThisListViewModel.swift; sourceTree = "<group>"; };
		1695AD802CB8F74E00D9B6F9 /* RememberThisSplashViewModel.swift */ = {isa = PBXFileReference; lastKnownFileType = sourcecode.swift; path = RememberThisSplashViewModel.swift; sourceTree = "<group>"; };
		1695AD822CB8F74E00D9B6F9 /* Info.plist */ = {isa = PBXFileReference; lastKnownFileType = text.plist.xml; path = Info.plist; sourceTree = "<group>"; };
		1695AD842CB8F74E00D9B6F9 /* RememberThisApp.swift */ = {isa = PBXFileReference; lastKnownFileType = sourcecode.swift; path = RememberThisApp.swift; sourceTree = "<group>"; };
		1695AD922CB8F89C00D9B6F9 /* RememberThisSwiftDataConfiguration.swift */ = {isa = PBXFileReference; lastKnownFileType = sourcecode.swift; path = RememberThisSwiftDataConfiguration.swift; sourceTree = "<group>"; };
		1695AD952CB8FEC600D9B6F9 /* ColorExtension.swift */ = {isa = PBXFileReference; lastKnownFileType = sourcecode.swift; path = ColorExtension.swift; sourceTree = "<group>"; };
		1695ADB12CBCF39800D9B6F9 /* RememberScheduleDetailModel.swift */ = {isa = PBXFileReference; lastKnownFileType = sourcecode.swift; path = RememberScheduleDetailModel.swift; sourceTree = "<group>"; };
		1695ADB32CBCF72400D9B6F9 /* DateExtension.swift */ = {isa = PBXFileReference; lastKnownFileType = sourcecode.swift; path = DateExtension.swift; sourceTree = "<group>"; };
		169751852CF5492400A12C28 /* RememberUserModel.swift */ = {isa = PBXFileReference; lastKnownFileType = sourcecode.swift; path = RememberUserModel.swift; sourceTree = "<group>"; };
		16E389E42CBE34EE003C0DD5 /* RememberThisAlertView.swift */ = {isa = PBXFileReference; lastKnownFileType = sourcecode.swift; path = RememberThisAlertView.swift; sourceTree = "<group>"; };
		B004F2F32CBA7EA700713CE4 /* FontExtensions.swift */ = {isa = PBXFileReference; lastKnownFileType = sourcecode.swift; path = FontExtensions.swift; sourceTree = "<group>"; };
		B004F2F52CBA7EB400713CE4 /* ViewExtensions.swift */ = {isa = PBXFileReference; lastKnownFileType = sourcecode.swift; path = ViewExtensions.swift; sourceTree = "<group>"; };
		B004F2F72CBA7EBC00713CE4 /* CGFloatExtension.swift */ = {isa = PBXFileReference; lastKnownFileType = sourcecode.swift; path = CGFloatExtension.swift; sourceTree = "<group>"; };
		B004F3102CBA7FC700713CE4 /* RememberThisMaskView.swift */ = {isa = PBXFileReference; lastKnownFileType = sourcecode.swift; path = RememberThisMaskView.swift; sourceTree = "<group>"; };
		B004F3742CBB7E6200713CE4 /* RepeatTextsKorean.swift */ = {isa = PBXFileReference; lastKnownFileType = sourcecode.swift; path = RepeatTextsKorean.swift; sourceTree = "<group>"; };
/* End PBXFileReference section */

/* Begin PBXFileSystemSynchronizedRootGroup section */
		B004F3032CBA7EC600713CE4 /* Font */ = {
			isa = PBXFileSystemSynchronizedRootGroup;
			path = Font;
			sourceTree = "<group>";
		};
/* End PBXFileSystemSynchronizedRootGroup section */

/* Begin PBXFrameworksBuildPhase section */
		1692EB252CB7502E0050394C /* Frameworks */ = {
			isa = PBXFrameworksBuildPhase;
			buildActionMask = 2147483647;
			files = (
				B004F2A42CBA5D8500713CE4 /* ACarousel in Frameworks */,
				B035F2662CB98DEF008091CC /* ACarousel in Frameworks */,
			);
			runOnlyForDeploymentPostprocessing = 0;
		};
/* End PBXFrameworksBuildPhase section */

/* Begin PBXGroup section */
		160AF4E52CE2DFEE0077C1E8 /* Modifier */ = {
			isa = PBXGroup;
			children = (
				168DA0F82CE5DD3E00B56DC3 /* GlobalPositionModifier.swift */,
			);
			path = Modifier;
			sourceTree = "<group>";
		};
		1692EB1F2CB7502E0050394C = {
			isa = PBXGroup;
			children = (
				1695AD852CB8F74E00D9B6F9 /* RememberThis */,
				1692EB292CB7502E0050394C /* Products */,
			);
			sourceTree = "<group>";
		};
		1692EB292CB7502E0050394C /* Products */ = {
			isa = PBXGroup;
			children = (
				1692EB282CB7502E0050394C /* RememberThis.app */,
			);
			name = Products;
			sourceTree = "<group>";
		};
		1695AD752CB8F74E00D9B6F9 /* Model */ = {
			isa = PBXGroup;
			children = (
				169751852CF5492400A12C28 /* RememberUserModel.swift */,
				1695AD742CB8F74E00D9B6F9 /* RememberScheduleModel.swift */,
				1695ADB12CBCF39800D9B6F9 /* RememberScheduleDetailModel.swift */,
			);
			path = Model;
			sourceTree = "<group>";
		};
		1695AD772CB8F74E00D9B6F9 /* Preview Content */ = {
			isa = PBXGroup;
			children = (
				1695AD762CB8F74E00D9B6F9 /* Preview Assets.xcassets */,
			);
			path = "Preview Content";
			sourceTree = "<group>";
		};
		1695AD792CB8F74E00D9B6F9 /* Resource */ = {
			isa = PBXGroup;
			children = (
				168DA0FA2CE5E48A00B56DC3 /* Utils.swift */,
				B004F3742CBB7E6200713CE4 /* RepeatTextsKorean.swift */,
				B004F3032CBA7EC600713CE4 /* Font */,
				1695AD772CB8F74E00D9B6F9 /* Preview Content */,
				1695AD782CB8F74E00D9B6F9 /* Assets.xcassets */,
			);
			path = Resource;
			sourceTree = "<group>";
		};
		1695AD7D2CB8F74E00D9B6F9 /* View */ = {
			isa = PBXGroup;
			children = (
				16E389E42CBE34EE003C0DD5 /* RememberThisAlertView.swift */,
				B004F3102CBA7FC700713CE4 /* RememberThisMaskView.swift */,
				1695AD7C2CB8F74E00D9B6F9 /* RememberThisSplashView.swift */,
				1695AD7B2CB8F74E00D9B6F9 /* RememberThisListView.swift */,
				1695AD7A2CB8F74E00D9B6F9 /* RememberThisAddView.swift */,
			);
			path = View;
			sourceTree = "<group>";
		};
		1695AD812CB8F74E00D9B6F9 /* ViewModel */ = {
			isa = PBXGroup;
			children = (
				1695AD802CB8F74E00D9B6F9 /* RememberThisSplashViewModel.swift */,
				1695AD7F2CB8F74E00D9B6F9 /* RememberThisListViewModel.swift */,
				1695AD7E2CB8F74E00D9B6F9 /* RememberThisAddViewModel.swift */,
			);
			path = ViewModel;
			sourceTree = "<group>";
		};
		1695AD832CB8F74E00D9B6F9 /* Source */ = {
			isa = PBXGroup;
			children = (
				1695AD822CB8F74E00D9B6F9 /* Info.plist */,
				1695AD912CB8F88C00D9B6F9 /* Configuration */,
				1695AD792CB8F74E00D9B6F9 /* Resource */,
				160AF4E52CE2DFEE0077C1E8 /* Modifier */,
				1695AD942CB8F9F900D9B6F9 /* Extensions */,
				1695AD7D2CB8F74E00D9B6F9 /* View */,
				1695AD812CB8F74E00D9B6F9 /* ViewModel */,
				1695AD752CB8F74E00D9B6F9 /* Model */,
			);
			path = Source;
			sourceTree = "<group>";
		};
		1695AD852CB8F74E00D9B6F9 /* RememberThis */ = {
			isa = PBXGroup;
			children = (
				1695AD842CB8F74E00D9B6F9 /* RememberThisApp.swift */,
				1695AD832CB8F74E00D9B6F9 /* Source */,
			);
			path = RememberThis;
			sourceTree = "<group>";
		};
		1695AD912CB8F88C00D9B6F9 /* Configuration */ = {
			isa = PBXGroup;
			children = (
				1695AD922CB8F89C00D9B6F9 /* RememberThisSwiftDataConfiguration.swift */,
			);
			path = Configuration;
			sourceTree = "<group>";
		};
		1695AD942CB8F9F900D9B6F9 /* Extensions */ = {
			isa = PBXGroup;
			children = (
				168DA1242CE70EEA00B56DC3 /* UIViewControllerExtension.swift */,
				1695ADB32CBCF72400D9B6F9 /* DateExtension.swift */,
				1695AD952CB8FEC600D9B6F9 /* ColorExtension.swift */,
				B004F2F72CBA7EBC00713CE4 /* CGFloatExtension.swift */,
				B004F2F52CBA7EB400713CE4 /* ViewExtensions.swift */,
				B004F2F32CBA7EA700713CE4 /* FontExtensions.swift */,
			);
			path = Extensions;
			sourceTree = "<group>";
		};
/* End PBXGroup section */

/* Begin PBXNativeTarget section */
		1692EB272CB7502E0050394C /* RememberThis */ = {
			isa = PBXNativeTarget;
			buildConfigurationList = 1692EB362CB750300050394C /* Build configuration list for PBXNativeTarget "RememberThis" */;
			buildPhases = (
				1692EB242CB7502E0050394C /* Sources */,
				1692EB252CB7502E0050394C /* Frameworks */,
				1692EB262CB7502E0050394C /* Resources */,
			);
			buildRules = (
			);
			dependencies = (
			);
			fileSystemSynchronizedGroups = (
				B004F3032CBA7EC600713CE4 /* Font */,
			);
			name = RememberThis;
			packageProductDependencies = (
				1695AD9B2CB9064800D9B6F9 /* ACarousel */,
				B035F2652CB98DEF008091CC /* ACarousel */,
			);
			productName = RememberThis;
			productReference = 1692EB282CB7502E0050394C /* RememberThis.app */;
			productType = "com.apple.product-type.application";
		};
/* End PBXNativeTarget section */

/* Begin PBXProject section */
		1692EB202CB7502E0050394C /* Project object */ = {
			isa = PBXProject;
			attributes = {
				BuildIndependentTargetsInParallel = 1;
				LastSwiftUpdateCheck = 1600;
				LastUpgradeCheck = 1600;
				TargetAttributes = {
					1692EB272CB7502E0050394C = {
						CreatedOnToolsVersion = 16.0;
					};
				};
			};
			buildConfigurationList = 1692EB232CB7502E0050394C /* Build configuration list for PBXProject "RememberThis" */;
			developmentRegion = en;
			hasScannedForEncodings = 0;
			knownRegions = (
				en,
				Base,
			);
			mainGroup = 1692EB1F2CB7502E0050394C;
			minimizedProjectReferenceProxies = 1;
			packageReferences = (
				B035F2642CB98DEF008091CC /* XCLocalSwiftPackageReference "ACarousel" */,
			);
			preferredProjectObjectVersion = 77;
			productRefGroup = 1692EB292CB7502E0050394C /* Products */;
			projectDirPath = "";
			projectRoot = "";
			targets = (
				1692EB272CB7502E0050394C /* RememberThis */,
			);
		};
/* End PBXProject section */

/* Begin PBXResourcesBuildPhase section */
		1692EB262CB7502E0050394C /* Resources */ = {
			isa = PBXResourcesBuildPhase;
			buildActionMask = 2147483647;
			files = (
				1695AD8E2CB8F74E00D9B6F9 /* Preview Assets.xcassets in Resources */,
				1695AD8F2CB8F74E00D9B6F9 /* Assets.xcassets in Resources */,
			);
			runOnlyForDeploymentPostprocessing = 0;
		};
/* End PBXResourcesBuildPhase section */

/* Begin PBXSourcesBuildPhase section */
		1692EB242CB7502E0050394C /* Sources */ = {
			isa = PBXSourcesBuildPhase;
			buildActionMask = 2147483647;
			files = (
				B004F2F82CBA7EBC00713CE4 /* CGFloatExtension.swift in Sources */,
				169751862CF5492A00A12C28 /* RememberUserModel.swift in Sources */,
				1695ADB42CBCF72B00D9B6F9 /* DateExtension.swift in Sources */,
				1695AD862CB8F74E00D9B6F9 /* RememberScheduleModel.swift in Sources */,
				1695AD872CB8F74E00D9B6F9 /* RememberThisAddView.swift in Sources */,
				16E389E52CBE34F5003C0DD5 /* RememberThisAlertView.swift in Sources */,
				168DA1252CE70EF800B56DC3 /* UIViewControllerExtension.swift in Sources */,
				B004F3112CBA7FCF00713CE4 /* RememberThisMaskView.swift in Sources */,
				1695ADB22CBCF39900D9B6F9 /* RememberScheduleDetailModel.swift in Sources */,
				1695AD882CB8F74E00D9B6F9 /* RememberThisListView.swift in Sources */,
				1695AD892CB8F74E00D9B6F9 /* RememberThisSplashView.swift in Sources */,
				1695AD8A2CB8F74E00D9B6F9 /* RememberThisAddViewModel.swift in Sources */,
				1695AD8B2CB8F74E00D9B6F9 /* RememberThisListViewModel.swift in Sources */,
				B004F3752CBB7E6200713CE4 /* RepeatTextsKorean.swift in Sources */,
				B004F2F42CBA7EA700713CE4 /* FontExtensions.swift in Sources */,
				1695AD8C2CB8F74E00D9B6F9 /* RememberThisSplashViewModel.swift in Sources */,
				1695AD932CB8F8A800D9B6F9 /* RememberThisSwiftDataConfiguration.swift in Sources */,
				168DA0FB2CE5E48F00B56DC3 /* Utils.swift in Sources */,
				1695AD8D2CB8F74E00D9B6F9 /* RememberThisApp.swift in Sources */,
				168DA0F92CE5DD4A00B56DC3 /* GlobalPositionModifier.swift in Sources */,
				B004F2F62CBA7EB400713CE4 /* ViewExtensions.swift in Sources */,
				1695AD962CB8FEDA00D9B6F9 /* ColorExtension.swift in Sources */,
			);
			runOnlyForDeploymentPostprocessing = 0;
		};
/* End PBXSourcesBuildPhase section */

/* Begin XCBuildConfiguration section */
		1692EB342CB750300050394C /* Debug */ = {
			isa = XCBuildConfiguration;
			buildSettings = {
				ALWAYS_SEARCH_USER_PATHS = NO;
				ASSETCATALOG_COMPILER_GENERATE_SWIFT_ASSET_SYMBOL_EXTENSIONS = YES;
				CLANG_ANALYZER_NONNULL = YES;
				CLANG_ANALYZER_NUMBER_OBJECT_CONVERSION = YES_AGGRESSIVE;
				CLANG_CXX_LANGUAGE_STANDARD = "gnu++20";
				CLANG_ENABLE_MODULES = YES;
				CLANG_ENABLE_OBJC_ARC = YES;
				CLANG_ENABLE_OBJC_WEAK = YES;
				CLANG_WARN_BLOCK_CAPTURE_AUTORELEASING = YES;
				CLANG_WARN_BOOL_CONVERSION = YES;
				CLANG_WARN_COMMA = YES;
				CLANG_WARN_CONSTANT_CONVERSION = YES;
				CLANG_WARN_DEPRECATED_OBJC_IMPLEMENTATIONS = YES;
				CLANG_WARN_DIRECT_OBJC_ISA_USAGE = YES_ERROR;
				CLANG_WARN_DOCUMENTATION_COMMENTS = YES;
				CLANG_WARN_EMPTY_BODY = YES;
				CLANG_WARN_ENUM_CONVERSION = YES;
				CLANG_WARN_INFINITE_RECURSION = YES;
				CLANG_WARN_INT_CONVERSION = YES;
				CLANG_WARN_NON_LITERAL_NULL_CONVERSION = YES;
				CLANG_WARN_OBJC_IMPLICIT_RETAIN_SELF = YES;
				CLANG_WARN_OBJC_LITERAL_CONVERSION = YES;
				CLANG_WARN_OBJC_ROOT_CLASS = YES_ERROR;
				CLANG_WARN_QUOTED_INCLUDE_IN_FRAMEWORK_HEADER = YES;
				CLANG_WARN_RANGE_LOOP_ANALYSIS = YES;
				CLANG_WARN_STRICT_PROTOTYPES = YES;
				CLANG_WARN_SUSPICIOUS_MOVE = YES;
				CLANG_WARN_UNGUARDED_AVAILABILITY = YES_AGGRESSIVE;
				CLANG_WARN_UNREACHABLE_CODE = YES;
				CLANG_WARN__DUPLICATE_METHOD_MATCH = YES;
				COPY_PHASE_STRIP = NO;
				DEBUG_INFORMATION_FORMAT = dwarf;
				ENABLE_STRICT_OBJC_MSGSEND = YES;
				ENABLE_TESTABILITY = YES;
				ENABLE_USER_SCRIPT_SANDBOXING = YES;
				GCC_C_LANGUAGE_STANDARD = gnu17;
				GCC_DYNAMIC_NO_PIC = NO;
				GCC_NO_COMMON_BLOCKS = YES;
				GCC_OPTIMIZATION_LEVEL = 0;
				GCC_PREPROCESSOR_DEFINITIONS = (
					"DEBUG=1",
					"$(inherited)",
				);
				GCC_WARN_64_TO_32_BIT_CONVERSION = YES;
				GCC_WARN_ABOUT_RETURN_TYPE = YES_ERROR;
				GCC_WARN_UNDECLARED_SELECTOR = YES;
				GCC_WARN_UNINITIALIZED_AUTOS = YES_AGGRESSIVE;
				GCC_WARN_UNUSED_FUNCTION = YES;
				GCC_WARN_UNUSED_VARIABLE = YES;
				IPHONEOS_DEPLOYMENT_TARGET = 18.0;
				LOCALIZATION_PREFERS_STRING_CATALOGS = YES;
				MTL_ENABLE_DEBUG_INFO = INCLUDE_SOURCE;
				MTL_FAST_MATH = YES;
				ONLY_ACTIVE_ARCH = YES;
				SDKROOT = iphoneos;
				SWIFT_ACTIVE_COMPILATION_CONDITIONS = "DEBUG $(inherited)";
				SWIFT_OPTIMIZATION_LEVEL = "-Onone";
			};
			name = Debug;
		};
		1692EB352CB750300050394C /* Release */ = {
			isa = XCBuildConfiguration;
			buildSettings = {
				ALWAYS_SEARCH_USER_PATHS = NO;
				ASSETCATALOG_COMPILER_GENERATE_SWIFT_ASSET_SYMBOL_EXTENSIONS = YES;
				CLANG_ANALYZER_NONNULL = YES;
				CLANG_ANALYZER_NUMBER_OBJECT_CONVERSION = YES_AGGRESSIVE;
				CLANG_CXX_LANGUAGE_STANDARD = "gnu++20";
				CLANG_ENABLE_MODULES = YES;
				CLANG_ENABLE_OBJC_ARC = YES;
				CLANG_ENABLE_OBJC_WEAK = YES;
				CLANG_WARN_BLOCK_CAPTURE_AUTORELEASING = YES;
				CLANG_WARN_BOOL_CONVERSION = YES;
				CLANG_WARN_COMMA = YES;
				CLANG_WARN_CONSTANT_CONVERSION = YES;
				CLANG_WARN_DEPRECATED_OBJC_IMPLEMENTATIONS = YES;
				CLANG_WARN_DIRECT_OBJC_ISA_USAGE = YES_ERROR;
				CLANG_WARN_DOCUMENTATION_COMMENTS = YES;
				CLANG_WARN_EMPTY_BODY = YES;
				CLANG_WARN_ENUM_CONVERSION = YES;
				CLANG_WARN_INFINITE_RECURSION = YES;
				CLANG_WARN_INT_CONVERSION = YES;
				CLANG_WARN_NON_LITERAL_NULL_CONVERSION = YES;
				CLANG_WARN_OBJC_IMPLICIT_RETAIN_SELF = YES;
				CLANG_WARN_OBJC_LITERAL_CONVERSION = YES;
				CLANG_WARN_OBJC_ROOT_CLASS = YES_ERROR;
				CLANG_WARN_QUOTED_INCLUDE_IN_FRAMEWORK_HEADER = YES;
				CLANG_WARN_RANGE_LOOP_ANALYSIS = YES;
				CLANG_WARN_STRICT_PROTOTYPES = YES;
				CLANG_WARN_SUSPICIOUS_MOVE = YES;
				CLANG_WARN_UNGUARDED_AVAILABILITY = YES_AGGRESSIVE;
				CLANG_WARN_UNREACHABLE_CODE = YES;
				CLANG_WARN__DUPLICATE_METHOD_MATCH = YES;
				COPY_PHASE_STRIP = NO;
				DEBUG_INFORMATION_FORMAT = "dwarf-with-dsym";
				ENABLE_NS_ASSERTIONS = NO;
				ENABLE_STRICT_OBJC_MSGSEND = YES;
				ENABLE_USER_SCRIPT_SANDBOXING = YES;
				GCC_C_LANGUAGE_STANDARD = gnu17;
				GCC_NO_COMMON_BLOCKS = YES;
				GCC_WARN_64_TO_32_BIT_CONVERSION = YES;
				GCC_WARN_ABOUT_RETURN_TYPE = YES_ERROR;
				GCC_WARN_UNDECLARED_SELECTOR = YES;
				GCC_WARN_UNINITIALIZED_AUTOS = YES_AGGRESSIVE;
				GCC_WARN_UNUSED_FUNCTION = YES;
				GCC_WARN_UNUSED_VARIABLE = YES;
				IPHONEOS_DEPLOYMENT_TARGET = 18.0;
				LOCALIZATION_PREFERS_STRING_CATALOGS = YES;
				MTL_ENABLE_DEBUG_INFO = NO;
				MTL_FAST_MATH = YES;
				SDKROOT = iphoneos;
				SWIFT_COMPILATION_MODE = wholemodule;
				VALIDATE_PRODUCT = YES;
			};
			name = Release;
		};
		1692EB372CB750300050394C /* Debug */ = {
			isa = XCBuildConfiguration;
			buildSettings = {
				ASSETCATALOG_COMPILER_APPICON_NAME = AppIcon;
				ASSETCATALOG_COMPILER_GLOBAL_ACCENT_COLOR_NAME = AccentColor;
				CODE_SIGN_STYLE = Automatic;
				CURRENT_PROJECT_VERSION = 1;
				DEVELOPMENT_ASSET_PATHS = "\"RememberThis/Source/Resource/Preview Content\"";
				DEVELOPMENT_TEAM = AZQ9YD7HMA;
				ENABLE_PREVIEWS = YES;
				GENERATE_INFOPLIST_FILE = YES;
				INFOPLIST_FILE = RememberThis/Source/Info.plist;
				INFOPLIST_KEY_NSCalendarsUsageDescription = "이 앱은 캘린더에 일정을 추가하기 위해 권한이 필요합니다.";
				INFOPLIST_KEY_NSRemindersUsageDescription = "이 앱은 미리알림을 추가하기 위해 권한이 필요합니다.";
				INFOPLIST_KEY_UIApplicationSceneManifest_Generation = YES;
				INFOPLIST_KEY_UIApplicationSupportsIndirectInputEvents = YES;
				INFOPLIST_KEY_UILaunchScreen_Generation = YES;
				INFOPLIST_KEY_UISupportedInterfaceOrientations = UIInterfaceOrientationPortrait;
				LD_RUNPATH_SEARCH_PATHS = (
					"$(inherited)",
					"@executable_path/Frameworks",
				);
				MARKETING_VERSION = 1.0;
				PRODUCT_BUNDLE_IDENTIFIER = com.gilgim.RememberThis;
				PRODUCT_NAME = "$(TARGET_NAME)";
				SWIFT_EMIT_LOC_STRINGS = YES;
				SWIFT_VERSION = 5.0;
				TARGETED_DEVICE_FAMILY = "1,2";
			};
			name = Debug;
		};
		1692EB382CB750300050394C /* Release */ = {
			isa = XCBuildConfiguration;
			buildSettings = {
				ASSETCATALOG_COMPILER_APPICON_NAME = AppIcon;
				ASSETCATALOG_COMPILER_GLOBAL_ACCENT_COLOR_NAME = AccentColor;
				CODE_SIGN_STYLE = Automatic;
				CURRENT_PROJECT_VERSION = 1;
				DEVELOPMENT_ASSET_PATHS = "\"RememberThis/Source/Resource/Preview Content\"";
				DEVELOPMENT_TEAM = AZQ9YD7HMA;
				ENABLE_PREVIEWS = YES;
				GENERATE_INFOPLIST_FILE = YES;
				INFOPLIST_FILE = RememberThis/Source/Info.plist;
				INFOPLIST_KEY_NSCalendarsUsageDescription = "이 앱은 캘린더에 일정을 추가하기 위해 권한이 필요합니다.";
				INFOPLIST_KEY_NSRemindersUsageDescription = "이 앱은 미리알림을 추가하기 위해 권한이 필요합니다.";
				INFOPLIST_KEY_UIApplicationSceneManifest_Generation = YES;
				INFOPLIST_KEY_UIApplicationSupportsIndirectInputEvents = YES;
				INFOPLIST_KEY_UILaunchScreen_Generation = YES;
				INFOPLIST_KEY_UISupportedInterfaceOrientations = UIInterfaceOrientationPortrait;
				LD_RUNPATH_SEARCH_PATHS = (
					"$(inherited)",
					"@executable_path/Frameworks",
				);
				MARKETING_VERSION = 1.0;
				PRODUCT_BUNDLE_IDENTIFIER = com.gilgim.RememberThis;
				PRODUCT_NAME = "$(TARGET_NAME)";
				SWIFT_EMIT_LOC_STRINGS = YES;
				SWIFT_VERSION = 5.0;
				TARGETED_DEVICE_FAMILY = "1,2";
			};
			name = Release;
		};
/* End XCBuildConfiguration section */

/* Begin XCConfigurationList section */
		1692EB232CB7502E0050394C /* Build configuration list for PBXProject "RememberThis" */ = {
			isa = XCConfigurationList;
			buildConfigurations = (
				1692EB342CB750300050394C /* Debug */,
				1692EB352CB750300050394C /* Release */,
			);
			defaultConfigurationIsVisible = 0;
			defaultConfigurationName = Release;
		};
		1692EB362CB750300050394C /* Build configuration list for PBXNativeTarget "RememberThis" */ = {
			isa = XCConfigurationList;
			buildConfigurations = (
				1692EB372CB750300050394C /* Debug */,
				1692EB382CB750300050394C /* Release */,
			);
			defaultConfigurationIsVisible = 0;
			defaultConfigurationName = Release;
		};
/* End XCConfigurationList section */

/* Begin XCLocalSwiftPackageReference section */
		B035F2642CB98DEF008091CC /* XCLocalSwiftPackageReference "ACarousel" */ = {
			isa = XCLocalSwiftPackageReference;
			relativePath = ACarousel;
		};
/* End XCLocalSwiftPackageReference section */

/* Begin XCSwiftPackageProductDependency section */
		1695AD9B2CB9064800D9B6F9 /* ACarousel */ = {
			isa = XCSwiftPackageProductDependency;
			productName = ACarousel;
		};
		B035F2652CB98DEF008091CC /* ACarousel */ = {
			isa = XCSwiftPackageProductDependency;
			productName = ACarousel;
		};
/* End XCSwiftPackageProductDependency section */
	};
	rootObject = 1692EB202CB7502E0050394C /* Project object */;
}
